{
  "name": "extension_tools",
  "lockfileVersion": 3,
  "requires": true,
  "packages": {
    "": {
      "dependencies": {
        "adm-zip": "^0.4.7",
        "archiver": "^0.14.4",
        "shelljs": "^0.5.1"
      }
    },
    "node_modules/adm-zip": {
      "version": "0.4.16",
      "resolved": "https://registry.npmjs.org/adm-zip/-/adm-zip-0.4.16.tgz",
      "integrity": "sha512-TFi4HBKSGfIKsK5YCkKaaFG2m4PEDyViZmEwof3MTIgzimHLto6muaHVpbrljdIvIrFZzEq/p4nafOeLcYegrg==",
      "license": "MIT",
      "engines": {
        "node": ">=0.3.0"
      }
    },
    "node_modules/archiver": {
      "version": "0.14.4",
      "resolved": "https://registry.npmjs.org/archiver/-/archiver-0.14.4.tgz",
      "integrity": "sha512-Ti9FxDEwyJocNa4RbIg/aJQjSJ6BSUBIzXM+h5wV+krl0205r6FbL/QLIZ0h84G4FUoO6JWXaTH3y4kL9r6lJw==",
      "license": "MIT",
      "dependencies": {
        "async": "~0.9.0",
        "buffer-crc32": "~0.2.1",
        "glob": "~4.3.0",
        "lazystream": "~0.1.0",
        "lodash": "~3.2.0",
        "readable-stream": "~1.0.26",
        "tar-stream": "~1.1.0",
        "zip-stream": "~0.5.0"
      },
      "engines": {
        "node": ">= 0.10.0"
      }
    },
    "node_modules/async": {
      "version": "0.9.2",
      "resolved": "https://registry.npmjs.org/async/-/async-0.9.2.tgz",
      "integrity": "sha512-l6ToIJIotphWahxxHyzK9bnLR6kM4jJIIgLShZeqLY7iboHoGkdgFl7W2/Ivi4SkMJYGKqW8vSuk0uKUj6qsSw==",
      "license": "MIT"
    },
    "node_modules/balanced-match": {
      "version": "1.0.2",
      "resolved": "https://registry.npmjs.org/balanced-match/-/balanced-match-1.0.2.tgz",
      "integrity": "sha512-3oSeUO0TMV67hN1AmbXsK4yaqU7tjiHlbxRDZOpH0KW9+CeX4bRAaX0Anxt0tx2MrpRpWwQaPwIlISEJhYU5Pw==",
      "license": "MIT"
    },
    "node_modules/bl": {
      "version": "0.9.5",
      "resolved": "https://registry.npmjs.org/bl/-/bl-0.9.5.tgz",
      "integrity": "sha512-njlCs8XLBIK7LCChTWfzWuIAxkpmmLXcL7/igCofFT1B039Sz0IPnAmosN5QaO22lU4qr8LcUz2ojUlE6pLkRQ==",
      "license": "MIT",
      "dependencies": {
        "readable-stream": "~1.0.26"
      }
    },
    "node_modules/brace-expansion": {
      "version": "1.1.18",
      "resolved": "https://registry.npmjs.org/brace-expansion/-/brace-expansion-1.1.18.tgz",
      "integrity": "sha512-Edep/X9fGqVNmzKBVsDYIOtD+z1tuezV70LBjdCst9Tqu76lsnvRiZ6oTic1n+/BIwX6QDGAO94PN4N2SADvtw==",
      "license": "MIT",
      "dependencies": {
        "balanced-match": "^1.0.0",
        "concat-map": "0.0.1"
      }
    },
    "node_modules/buffer-crc32": {
      "version": "0.2.13",
      "resolved": "https://registry.npmjs.org/buffer-crc32/-/buffer-crc32-0.2.13.tgz",
      "integrity": "sha512-VO9Ht/+p3SN7SKWqcrgEzjGbRSJYTx+Q1pTQC0wrWqHx0vpJraQ6GtHx8tvcg1rlK1byhU5gccxgOgj7B0TDkQ==",
      "license": "MIT",
      "engines": {
        "node": "*"
      }
    },
    "node_modules/compress-commons": {
      "version": "0.2.9",
      "resolved": "https://registry.npmjs.org/compress-commons/-/compress-commons-0.2.9.tgz",
      "integrity": "sha512-Q+fB/YztsPFUK0GjtWIDamac9XFrlIU23PVjpgp+Fa7g05F6mq4J43mg3EZDFhe+DjnmF/jZS7S3kmLaIRhPBA==",
      "license": "MIT",
      "dependencies": {
        "buffer-crc32": "~0.2.1",
        "crc32-stream": "~0.3.1",
        "node-int64": "~0.3.0",
        "readable-stream": "~1.0.26"
      },
      "engines": {
        "node": ">= 0.8.0"
      }
    },
    "node_modules/concat-map": {
      "version": "0.0.1",
      "resolved": "https://registry.npmjs.org/concat-map/-/concat-map-0.0.1.tgz",
      "integrity": "sha512-/Srv4dswyQNBfohGpz9o6Yb3Gz3SrUDqBH5rTuhGR7ahtlbYKnVxw2bCFMRljaA7EXHaXZ8wsHdodFvbkhKmqg==",
      "license": "MIT"
    },
    "node_modules/core-util-is": {
      "version": "1.0.3",
      "resolved": "https://registry.npmjs.org/core-util-is/-/core-util-is-1.0.3.tgz",
      "integrity": "sha512-ZQBvi1DcpJ4GDqanjucZ2Hj3wEO5pZDS89BWbkcrvdxksJorwUDDZamX9ldFkp9aw2lmBDLgkObEA4DWNJ9FYQ==",
      "license": "MIT"
    },
    "node_modules/crc32-stream": {
      "version": "0.3.4",
      "resolved": "https://registry.npmjs.org/crc32-stream/-/crc32-stream-0.3.4.tgz",
      "integrity": "sha512-6hJjO1uXTBSnY14XjxDmK3xm9AG8KjwjJAFkVfjcR2IMu/hGz73e0KT2aEIhh9JR36jHUXuMv58xfNC8lwBJnQ==",
      "license": "MIT",
      "dependencies": {
        "buffer-crc32": "~0.2.1",
        "readable-stream": "~1.0.24"
      },
      "engines": {
        "node": ">= 0.8.0"
      }
    },
    "node_modules/end-of-stream": {
      "version": "1.4.5",
      "resolved": "https://registry.npmjs.org/end-of-stream/-/end-of-stream-1.4.5.tgz",
      "integrity": "sha512-ooEGc6HP26xXq/N+GCGOT0JKCLDGrq2bQUZrQ7gyrJiZANJ/8YDTxTpQBXGMn+WbIQXNVpyWymm7KYVICQnyOg==",
      "license": "MIT",
      "dependencies": {
        "once": "^1.4.0"
      }
    },
    "node_modules/glob": {
      "version": "4.3.5",
      "resolved": "https://registry.npmjs.org/glob/-/glob-4.3.5.tgz",
      "integrity": "sha512-kOq1ncUyUvkZdl7BgKa3n6zAOiN05pzleOxESuc8bFoXKRhYsrZM6z79O5DKe9JGChHhSZloUsD/hZrUXByxgQ==",
      "deprecated": "Old versions of glob are not supported, and contain widely publicized security vulnerabilities, which have been fixed in the current version. Please update. Support for old versions may be purchased (at exorbitant rates) by contacting i@izs.me",
      "license": "ISC",
      "dependencies": {
        "inflight": "^1.0.4",
        "inherits": "2",
        "minimatch": "^2.0.1",
        "once": "^1.3.0"
      },
      "engines": {
        "node": "*"
      }
    },
    "node_modules/inflight": {
      "version": "1.0.6",
      "resolved": "https://registry.npmjs.org/inflight/-/inflight-1.0.6.tgz",
      "integrity": "sha512-k92I/b08q4wvFscXCLvqfsHCrjrF7yiXsQuIVvVE7N82W3+aqpzuUdBbfhWcy/FZR3/4IgflMgKLOsvPDrGCJA==",
      "deprecated": "This module is not supported, and leaks memory. Do not use it. Check out lru-cache if you want a good and tested way to coalesce async requests by a key value, which is much more comprehensive and powerful.",
      "license": "ISC",
      "dependencies": {
        "once": "^1.3.0",
        "wrappy": "1"
      }
    },
    "node_modules/inherits": {
      "version": "2.0.4",
      "resolved": "https://registry.npmjs.org/inherits/-/inherits-2.0.4.tgz",
      "integrity": "sha512-k/vGaX4/Yla3WzyMCvTQOXYeIHvqOKtnqBduzTHpzpQZzAskKMhZ2K+EnBiSM9zGSoIFeMpXKxa4dYeZIQqewQ==",
      "license": "ISC"
    },
    "node_modules/isarray": {
      "version": "0.0.1",
      "resolved": "https://registry.npmjs.org/isarray/-/isarray-0.0.1.tgz",
      "integrity": "sha512-D2S+3GLxWH+uhrNEcoh/fnmYeP8E8/zHl644d/jdA0g2uyXvy3sb0qxotE+ne0LtccHknQzWwZEzhak7oJ0COQ==",
      "license": "MIT"
    },
    "node_modules/lazystream": {
      "version": "0.1.0",
      "resolved": "https://registry.npmjs.org/lazystream/-/lazystream-0.1.0.tgz",
      "integrity": "sha512-4CsO3TC1MtG8s7pCxvwn6oK0MhMbJ3iqOqgYNbfEkTl8EavjlAVL+1m3iGErKifc1M0+WJkKcI7wuqhsYmfYtw==",
      "dependencies": {
        "readable-stream": "~1.0.2"
      },
      "engines": {
        "node": ">= 0.6.3"
      }
    },
    "node_modules/lodash": {
      "version": "3.2.0",
      "resolved": "https://registry.npmjs.org/lodash/-/lodash-3.2.0.tgz",
      "integrity": "sha512-pg876Sz2B6iut18K5PlFGZUxagOP9LACajQ4nzQHPZ8JcU15tviPV6q/u/dEQMV64TzKu8yJM3NprFxqRb3oHA==",
      "license": "MIT"
    },
    "node_modules/minimatch": {
      "version": "2.0.10",
      "resolved": "https://registry.npmjs.org/minimatch/-/minimatch-2.0.10.tgz",
      "integrity": "sha512-jQo6o1qSVLEWaw3l+bwYA2X0uLuK2KjNh2wjgO7Q/9UJnXr1Q3yQKR8BI0/Bt/rPg75e6SMW4hW/6cBHVTZUjA==",
      "deprecated": "Please update to minimatch 3.0.2 or higher to avoid a RegExp DoS issue",
      "license": "ISC",
      "dependencies": {
        "brace-expansion": "^1.0.0"
      },
      "engines": {
        "node": "*"
      }
    },
    "node_modules/node-int64": {
      "version": "0.3.3",
      "resolved": "https://registry.npmjs.org/node-int64/-/node-int64-0.3.3.tgz",
      "integrity": "sha512-bLdNOp5SYyqfDz/ssGHt2OTg8u+jEkCx4EoZIzprqeonFIUhlSBrKu40e/x6hIFYJx4ZEt64/9IZJyafvhGZrw==",
      "license": "MIT"
    },
    "node_modules/once": {
      "version": "1.4.0",
      "resolved": "https://registry.npmjs.org/once/-/once-1.4.0.tgz",
      "integrity": "sha512-lNaJgI+2Q5URQBkccEKHTQOPaXdUxnZZElQTZY0MFUAuaEqe1E+Nyvgdz/aIyNi6Z9MzO5dv1H8n58/GELp3+w==",
      "license": "ISC",
      "dependencies": {
        "wrappy": "1"
      }
    },
    "node_modules/readable-stream": {
      "version": "1.0.34",
      "resolved": "https://registry.npmjs.org/readable-stream/-/readable-stream-1.0.34.tgz",
      "integrity": "sha512-ok1qVCJuRkNmvebYikljxJA/UEsKwLl2nI1OmaqAu4/UE+h0wKCHok4XkL/gvi39OacXvw59RJUOFUkDib2rHg==",
      "license": "MIT",
      "dependencies": {
        "core-util-is": "~1.0.0",
        "inherits": "~2.0.1",
        "isarray": "0.0.1",
        "string_decoder": "~0.10.x"
      }
    },
    "node_modules/shelljs": {
      "version": "0.5.3",
      "resolved": "https://registry.npmjs.org/shelljs/-/shelljs-0.5.3.tgz",
      "integrity": "sha512-C2FisSSW8S6TIYHHiMHN0NqzdjWfTekdMpA2FJTbRWnQMLO1RRIXEB9eVZYOlofYmjZA7fY3ChoFu09MeI3wlQ==",
      "license": "BSD*",
      "bin": {
        "shjs": "bin/shjs"
      },
      "engines": {
        "node": ">=0.8.0"
      }
    },
    "node_modules/string_decoder": {
      "version": "0.10.31",
      "resolved": "https://registry.npmjs.org/string_decoder/-/string_decoder-0.10.31.tgz",
      "integrity": "sha512-ev2QzSzWPYmy9GuqfIVildA4OdcGLeFZQrq5ys6RtiuF+RQQiZWr8TZNyAcuVXyQRYfEO+MsoB/1BuQVhOJuoQ==",
      "license": "MIT"
    },
    "node_modules/tar-stream": {
      "version": "1.1.5",
      "resolved": "https://registry.npmjs.org/tar-stream/-/tar-stream-1.1.5.tgz",
      "integrity": "sha512-Rzjha52eroBb64qzIwG4Z7goRVD/GquOt0M6qHz7IYcvYYsm1v8JjaCCyJXIGu+rcENKvxTuihKP2svtPhMJKw==",
      "license": "MIT",
      "dependencies": {
        "bl": "^0.9.0",
        "end-of-stream": "^1.0.0",
        "readable-stream": "~1.0.33",
        "xtend": "^4.0.0"
      },
      "engines": {
        "node": ">= 0.8.0"
      }
    },
    "node_modules/wrappy": {
      "version": "1.0.2",
      "resolved": "https://registry.npmjs.org/wrappy/-/wrappy-1.0.2.tgz",
      "integrity": "sha512-l4Sp/DRseor9wL6EvV2+TuQn63dMkPjZ/sp9XkghTEbV9KlPS1xUsZ3u7/IQO4wxtcFB4bgpQPRcR3QCvezPcQ==",
      "license": "ISC"
    },
    "node_modules/xtend": {
      "version": "4.0.2",
      "resolved": "https://registry.npmjs.org/xtend/-/xtend-4.0.2.tgz",
      "integrity": "sha512-LKYU1iAXJXUgAXn9URjiu+MWhyUXHsvfp7mcuYm9dSUKK0/CjtrUwFAxD82/mCWbtLsGjFIad0wIsod4zrTAEQ==",
      "license": "MIT",
      "engines": {
        "node": ">=0.4"
      }
    },
    "node_modules/zip-stream": {
      "version": "0.5.2",
      "resolved": "https://registry.npmjs.org/zip-stream/-/zip-stream-0.5.2.tgz",
      "integrity": "sha512-cmTLLn+kgmAabL0sXKFDHh6ARY2mpm8X52iIMvOKqSHXKS4fsht9/axUdJYp55V7qRgZ8jfvzZdo6oV00uZ08w==",
      "license": "MIT",
      "dependencies": {
        "compress-commons": "~0.2.0",
        "lodash": "~3.2.0",
        "readable-stream": "~1.0.26"
      },
      "engines": {
        "node": ">= 0.8.0"
      }
    }
  }
}
